{
  "requires": true,
  "lockfileVersion": 1,
  "dependencies": {
    "@babel/runtime": {
      "version": "7.12.5",
      "resolved": "https://registry.npmjs.org/@babel/runtime/-/runtime-7.12.5.tgz",
      "integrity": "sha512-plcc+hbExy3McchJCEQG3knOsuh3HH+Prx1P6cLIkET/0dLuQDEnrT+s27Axgc9bqfsmNUNHfscgMUdBpC9xfg==",
      "requires": {
        "regenerator-runtime": "^0.13.4"
      }
    },
    "@date-io/core": {
      "version": "2.10.6",
      "resolved": "https://registry.npmjs.org/@date-io/core/-/core-2.10.6.tgz",
      "integrity": "sha512-MGYt4GEB/4ZMdSbj6FS7/gPBvuhHUwnn5O6t8PlkSqGF1310qxypVyK4CZg5RQgev25L3R5eLVdNTyYrJOL8Rw=="
    },
    "@date-io/date-fns": {
      "version": "2.10.6",
      "resolved": "https://registry.npmjs.org/@date-io/date-fns/-/date-fns-2.10.6.tgz",
      "integrity": "sha512-jUiIbs4VCmACy2Ml2xu3tqf0AUSZu4qQ3cRz8SoG4YPzeg1fqII8y/gTa7GJkXiH0bUKUWaf/G2dfJa9tUnmJA==",
      "requires": {
        "@date-io/core": "^2.10.6"
      }
    },
    "@rtsao/csstype": {
      "version": "2.6.5-forked.0",
      "resolved": "https://registry.npmjs.org/@rtsao/csstype/-/csstype-2.6.5-forked.0.tgz",
      "integrity": "sha512-0HwnY8uPWcCloTgdbbaJG3MbDUfNf6yKWZfCKxFv9yj2Sbp4mSKaIjC7Cr/5L4hMxvrrk85CU3wlAg7EtBBJ1Q=="
    },
    "@types/prop-types": {
      "version": "15.7.3",
      "resolved": "https://registry.npmjs.org/@types/prop-types/-/prop-types-15.7.3.tgz",
      "integrity": "sha512-KfRL3PuHmqQLOG+2tGpRO26Ctg+Cq1E01D2DMriKEATHgWLfeNDmq9e29Q9WIky0dQ3NPkd1mzYH8Lm936Z9qw=="
    },
    "@types/react": {
      "version": "17.0.0",
      "resolved": "https://registry.npmjs.org/@types/react/-/react-17.0.0.tgz",
      "integrity": "sha512-aj/L7RIMsRlWML3YB6KZiXB3fV2t41+5RBGYF8z+tAKU43Px8C3cYUZsDvf1/+Bm4FK21QWBrDutu8ZJ/70qOw==",
      "requires": {
        "@types/prop-types": "*",
        "csstype": "^3.0.2"
      }
    },
    "@types/styletron-engine-atomic": {
      "version": "1.1.0",
      "resolved": "https://registry.npmjs.org/@types/styletron-engine-atomic/-/styletron-engine-atomic-1.1.0.tgz",
      "integrity": "sha512-wEU9lwW+sEZ7y8lRmPe2NLNeJzm7AgvK72CVE0iHoT1pyzS90O9APgxaN5E83p4h8ej7wOaS3swBZtvZ08B/LQ==",
      "requires": {
        "@types/styletron-standard": "*"
      }
    },
    "@types/styletron-react": {
      "version": "5.0.2",
      "resolved": "https://registry.npmjs.org/@types/styletron-react/-/styletron-react-5.0.2.tgz",
      "integrity": "sha512-jONPyzz9MRuCB71QYpkRQx4nsjGxLS/GNmudHXs8aeTj8yRHgO9wsXhUAL5uZ8LOENWUN2Gcqh/vNvlbRpfcUA==",
      "requires": {
        "@types/react": "*",
        "@types/styletron-standard": "*"
      }
    },
    "@types/styletron-standard": {
      "version": "2.0.1",
      "resolved": "https://registry.npmjs.org/@types/styletron-standard/-/styletron-standard-2.0.1.tgz",
      "integrity": "sha512-yXMFS1um8UeMhVCCmstszWOpQ6xga+xNQGB2mEdl/w8psvti2IvlLkNYj63JNPk3FbdKOdrvl6WeUpbDA3y+uA==",
      "requires": {
        "csstype": "^3.0.2"
      }
    },
    "attr-accept": {
      "version": "1.1.3",
      "resolved": "https://registry.npmjs.org/attr-accept/-/attr-accept-1.1.3.tgz",
      "integrity": "sha512-iT40nudw8zmCweivz6j58g+RT33I4KbaIvRUhjNmDwO2WmsQUxFEZZYZ5w3vXe5x5MX9D7mfvA/XaLOZYFR9EQ==",
      "requires": {
        "core-js": "^2.5.0"
      }
    },
    "balanced-match": {
      "version": "1.0.0",
      "resolved": "https://registry.npmjs.org/balanced-match/-/balanced-match-1.0.0.tgz",
      "integrity": "sha1-ibTRmasr7kneFk6gK4nORi1xt2c="
    },
    "baseui": {
      "version": "9.108.0",
      "resolved": "https://registry.npmjs.org/baseui/-/baseui-9.108.0.tgz",
      "integrity": "sha512-ptPM0L1drAfv8PbEfNh6rCEFAScZP6F5zaJlggmmxtV0I7mFPXQDUGoImTjy9cHxRF/1DQLn6XV7MCPebbD7jQ==",
      "requires": {
        "@date-io/date-fns": "^2.6.2",
        "card-validator": "^6.2.0",
        "date-fns": "^2.6.0",
        "glob": "^7.1.6",
        "just-extend": "^4.0.2",
        "memoize-one": "^5.1.1",
        "polished": "^3.2.0",
        "popper.js": "^1.16.0",
        "react-dropzone": "^9.0.0",
        "react-focus-lock": "^2.2.1",
        "react-input-mask": "^2.0.4",
        "react-is": "^16.8.6",
        "react-movable": "^2.4.0",
        "react-multi-ref": "^1.0.0",
        "react-range": "^1.8.0",
        "react-uid": "^2.3.0",
        "react-virtualized": "^9.21.1",
        "react-virtualized-auto-sizer": "^1.0.2",
        "react-window": "^1.8.5",
        "resize-observer-polyfill": "^1.5.1",
        "timezone-support": "^2.0.2"
      }
    },
    "brace-expansion": {
      "version": "1.1.11",
      "resolved": "https://registry.npmjs.org/brace-expansion/-/brace-expansion-1.1.11.tgz",
      "integrity": "sha512-iCuPHDFgrHX7H2vEI/5xpz07zSHB00TpugqhmYtVmMO6518mCuRMoOYFldEBl0g187ufozdaHgWKcYFb61qGiA==",
      "requires": {
        "balanced-match": "^1.0.0",
        "concat-map": "0.0.1"
      }
    },
    "card-validator": {
      "version": "6.2.0",
      "resolved": "https://registry.npmjs.org/card-validator/-/card-validator-6.2.0.tgz",
      "integrity": "sha512-1vYv45JaE9NmixZr4dl6ykzbFKv7imI9L7MQDs235b/a7EGbG8rrEsipeHtVvscLSUbl3RX6UP5gyOe0Y2FlHA==",
      "requires": {
        "credit-card-type": "^8.0.0"
      }
    },
    "clsx": {
      "version": "1.1.1",
      "resolved": "https://registry.npmjs.org/clsx/-/clsx-1.1.1.tgz",
      "integrity": "sha512-6/bPho624p3S2pMyvP5kKBPXnI3ufHLObBFCfgx+LkeR5lg2XYy2hqZqUf45ypD8COn2bhgGJSUE+l5dhNBieA=="
    },
    "commander": {
      "version": "2.20.0",
      "resolved": "https://registry.npmjs.org/commander/-/commander-2.20.0.tgz",
      "integrity": "sha512-7j2y+40w61zy6YC2iRNpUe/NwhNyoXrYpHMrSunaMG64nRnaf96zO/KMQR4OyN/UnE5KLyEBnKHd4aG3rskjpQ=="
    },
    "concat-map": {
      "version": "0.0.1",
      "resolved": "https://registry.npmjs.org/concat-map/-/concat-map-0.0.1.tgz",
      "integrity": "sha1-2Klr13/Wjfd5OnMDajug1UBdR3s="
    },
    "core-js": {
      "version": "2.6.12",
      "resolved": "https://registry.npmjs.org/core-js/-/core-js-2.6.12.tgz",
      "integrity": "sha512-Kb2wC0fvsWfQrgk8HU5lW6U/Lcs8+9aaYcy4ZFc6DDlo4nZ7n70dEgE5rtR0oG6ufKDUnrwfWL1mXR5ljDatrQ=="
    },
    "credit-card-type": {
      "version": "8.3.0",
      "resolved": "https://registry.npmjs.org/credit-card-type/-/credit-card-type-8.3.0.tgz",
      "integrity": "sha512-czfZUpQ7W9CDxZL4yFLb1kFtM/q2lTOY975hL2aO+DC8+GRNDVSXVCHXhVFZPxiUKmQCZbFP8vIhxx5TBQaThw=="
    },
    "css-in-js-utils": {
      "version": "2.0.1",
      "resolved": "https://registry.npmjs.org/css-in-js-utils/-/css-in-js-utils-2.0.1.tgz",
      "integrity": "sha512-PJF0SpJT+WdbVVt0AOYp9C8GnuruRlL/UFW7932nLWmFLQTaWEzTBQEx7/hn4BuV+WON75iAViSUJLiU3PKbpA==",
      "requires": {
        "hyphenate-style-name": "^1.0.2",
        "isobject": "^3.0.1"
      }
    },
    "csstype": {
      "version": "3.0.6",
      "resolved": "https://registry.npmjs.org/csstype/-/csstype-3.0.6.tgz",
      "integrity": "sha512-+ZAmfyWMT7TiIlzdqJgjMb7S4f1beorDbWbsocyK4RaiqA5RTX3K14bnBWmmA9QEM0gRdsjyyrEmcyga8Zsxmw=="
    },
    "date-fns": {
      "version": "2.16.1",
      "resolved": "https://registry.npmjs.org/date-fns/-/date-fns-2.16.1.tgz",
      "integrity": "sha512-sAJVKx/FqrLYHAQeN7VpJrPhagZc9R4ImZIWYRFZaaohR3KzmuK88touwsSwSVT8Qcbd4zoDsnGfX4GFB4imyQ=="
    },
    "detect-node-es": {
      "version": "1.0.0",
      "resolved": "https://registry.npmjs.org/detect-node-es/-/detect-node-es-1.0.0.tgz",
      "integrity": "sha512-S4AHriUkTX9FoFvL4G8hXDcx6t3gp2HpfCza3Q0v6S78gul2hKWifLQbeW+ZF89+hSm2ZIc/uF3J97ZgytgTRg=="
    },
    "dom-helpers": {
      "version": "5.2.0",
      "resolved": "https://registry.npmjs.org/dom-helpers/-/dom-helpers-5.2.0.tgz",
      "integrity": "sha512-Ru5o9+V8CpunKnz5LGgWXkmrH/20cGKwcHwS4m73zIvs54CN9epEmT/HLqFJW3kXpakAFkEdzgy1hzlJe3E4OQ==",
      "requires": {
        "@babel/runtime": "^7.8.7",
        "csstype": "^3.0.2"
      }
    },
    "file-selector": {
      "version": "0.1.19",
      "resolved": "https://registry.npmjs.org/file-selector/-/file-selector-0.1.19.tgz",
      "integrity": "sha512-kCWw3+Aai8Uox+5tHCNgMFaUdgidxvMnLWO6fM5sZ0hA2wlHP5/DHGF0ECe84BiB95qdJbKNEJhWKVDvMN+JDQ==",
      "requires": {
        "tslib": "^2.0.1"
      }
    },
    "focus-lock": {
      "version": "0.8.1",
      "resolved": "https://registry.npmjs.org/focus-lock/-/focus-lock-0.8.1.tgz",
      "integrity": "sha512-/LFZOIo82WDsyyv7h7oc0MJF9ACOvDRdx9rWPZ2pgMfNWu/z8hQDBtOchuB/0BVLmuFOZjV02YwUVzNsWx/EzA==",
      "requires": {
        "tslib": "^1.9.3"
      },
      "dependencies": {
        "tslib": {
          "version": "1.14.1",
          "resolved": "https://registry.npmjs.org/tslib/-/tslib-1.14.1.tgz",
          "integrity": "sha512-Xni35NKzjgMrwevysHTCArtLDpPvye8zV/0E4EyYn43P7/7qvQwPh9BGkHewbMulVntbigmcT7rdX3BNo9wRJg=="
        }
      }
    },
    "fs.realpath": {
      "version": "1.0.0",
      "resolved": "https://registry.npmjs.org/fs.realpath/-/fs.realpath-1.0.0.tgz",
      "integrity": "sha1-FQStJSMVjKpA20onh8sBQRmU6k8="
    },
    "glob": {
      "version": "7.1.6",
      "resolved": "https://registry.npmjs.org/glob/-/glob-7.1.6.tgz",
      "integrity": "sha512-LwaxwyZ72Lk7vZINtNNrywX0ZuLyStrdDtabefZKAY5ZGJhVtgdznluResxNmPitE0SAO+O26sWTHeKSI2wMBA==",
      "requires": {
        "fs.realpath": "^1.0.0",
        "inflight": "^1.0.4",
        "inherits": "2",
        "minimatch": "^3.0.4",
        "once": "^1.3.0",
        "path-is-absolute": "^1.0.0"
      }
    },
    "hyphenate-style-name": {
      "version": "1.0.4",
      "resolved": "https://registry.npmjs.org/hyphenate-style-name/-/hyphenate-style-name-1.0.4.tgz",
      "integrity": "sha512-ygGZLjmXfPHj+ZWh6LwbC37l43MhfztxetbFCoYTM2VjkIUpeHgSNn7QIyVFj7YQ1Wl9Cbw5sholVJPzWvC2MQ=="
    },
    "inflight": {
      "version": "1.0.6",
      "resolved": "https://registry.npmjs.org/inflight/-/inflight-1.0.6.tgz",
      "integrity": "sha1-Sb1jMdfQLQwJvJEKEHW6gWW1bfk=",
      "requires": {
        "once": "^1.3.0",
        "wrappy": "1"
      }
    },
    "inherits": {
      "version": "2.0.4",
      "resolved": "https://registry.npmjs.org/inherits/-/inherits-2.0.4.tgz",
      "integrity": "sha512-k/vGaX4/Yla3WzyMCvTQOXYeIHvqOKtnqBduzTHpzpQZzAskKMhZ2K+EnBiSM9zGSoIFeMpXKxa4dYeZIQqewQ=="
    },
    "inline-style-prefixer": {
      "version": "5.1.2",
      "resolved": "https://registry.npmjs.org/inline-style-prefixer/-/inline-style-prefixer-5.1.2.tgz",
      "integrity": "sha512-PYUF+94gDfhy+LsQxM0g3d6Hge4l1pAqOSOiZuHWzMvQEGsbRQ/ck2WioLqrY2ZkHyPgVUXxn+hrkF7D6QUGbA==",
      "requires": {
        "css-in-js-utils": "^2.0.0"
      }
    },
    "invariant": {
      "version": "2.2.4",
      "resolved": "https://registry.npmjs.org/invariant/-/invariant-2.2.4.tgz",
      "integrity": "sha512-phJfQVBuaJM5raOpJjSfkiD6BpbCE4Ns//LaXl6wGYtUBY83nWS6Rf9tXm2e8VaK60JEjYldbPif/A2B1C2gNA==",
      "requires": {
        "loose-envify": "^1.0.0"
      }
    },
    "isobject": {
      "version": "3.0.1",
      "resolved": "https://registry.npmjs.org/isobject/-/isobject-3.0.1.tgz",
      "integrity": "sha1-TkMekrEalzFjaqH5yNHMvP2reN8="
    },
    "js-tokens": {
      "version": "4.0.0",
      "resolved": "https://registry.npmjs.org/js-tokens/-/js-tokens-4.0.0.tgz",
      "integrity": "sha512-RdJUflcE3cUzKiMqQgsCu06FPu9UdIJO0beYbPhHN4k6apgJtifcoCtT9bcxOpYBtpD2kCM6Sbzg4CausW/PKQ=="
    },
    "just-extend": {
      "version": "4.1.1",
      "resolved": "https://registry.npmjs.org/just-extend/-/just-extend-4.1.1.tgz",
      "integrity": "sha512-aWgeGFW67BP3e5181Ep1Fv2v8z//iBJfrvyTnq8wG86vEESwmonn1zPBJ0VfmT9CJq2FIT0VsETtrNFm2a+SHA=="
    },
    "loose-envify": {
      "version": "1.4.0",
      "resolved": "https://registry.npmjs.org/loose-envify/-/loose-envify-1.4.0.tgz",
      "integrity": "sha512-lyuxPGr/Wfhrlem2CL/UcnUc1zcqKAImBDzukY7Y5F/yQiNdko6+fRLevlw1HgMySw7f611UIY408EtxRSoK3Q==",
      "requires": {
        "js-tokens": "^3.0.0 || ^4.0.0"
      }
    },
    "memoize-one": {
      "version": "5.1.1",
      "resolved": "https://registry.npmjs.org/memoize-one/-/memoize-one-5.1.1.tgz",
      "integrity": "sha512-HKeeBpWvqiVJD57ZUAsJNm71eHTykffzcLZVYWiVfQeI1rJtuEaS7hQiEpWfVVk18donPwJEcFKIkCmPJNOhHA=="
    },
    "minimatch": {
      "version": "3.0.4",
      "resolved": "https://registry.npmjs.org/minimatch/-/minimatch-3.0.4.tgz",
      "integrity": "sha512-yJHVQEhyqPLUTgt9B83PXu6W3rx4MvvHvSUvToogpwoGDOUQ+yDrR0HRot+yOCdCO7u4hX3pWft6kWBBcqh0UA==",
      "requires": {
        "brace-expansion": "^1.1.7"
      }
    },
    "object-assign": {
      "version": "4.1.1",
      "resolved": "https://registry.npmjs.org/object-assign/-/object-assign-4.1.1.tgz",
      "integrity": "sha1-IQmtx5ZYh8/AXLvUQsrIv7s2CGM="
    },
    "once": {
      "version": "1.4.0",
      "resolved": "https://registry.npmjs.org/once/-/once-1.4.0.tgz",
      "integrity": "sha1-WDsap3WWHUsROsF9nFC6753Xa9E=",
      "requires": {
        "wrappy": "1"
      }
    },
    "path-is-absolute": {
      "version": "1.0.1",
      "resolved": "https://registry.npmjs.org/path-is-absolute/-/path-is-absolute-1.0.1.tgz",
      "integrity": "sha1-F0uSaHNVNP+8es5r9TpanhtcX18="
    },
    "polished": {
      "version": "3.6.7",
      "resolved": "https://registry.npmjs.org/polished/-/polished-3.6.7.tgz",
      "integrity": "sha512-b4OViUOihwV0icb9PHmWbR+vPqaSzSAEbgLskvb7ANPATVXGiYv/TQFHQo65S53WU9i5EQ1I03YDOJW7K0bmYg==",
      "requires": {
        "@babel/runtime": "^7.9.2"
      }
    },
    "popper.js": {
      "version": "1.16.1",
      "resolved": "https://registry.npmjs.org/popper.js/-/popper.js-1.16.1.tgz",
      "integrity": "sha512-Wb4p1J4zyFTbM+u6WuO4XstYx4Ky9Cewe4DWrel7B0w6VVICvPwdOpotjzcf6eD8TsckVnIMNONQyPIUFOUbCQ=="
    },
    "prop-types": {
      "version": "15.7.2",
      "resolved": "https://registry.npmjs.org/prop-types/-/prop-types-15.7.2.tgz",
      "integrity": "sha512-8QQikdH7//R2vurIJSutZ1smHYTcLpRWEOlHnzcWHmBYrOGUysKwSsrC89BCiFj3CbrfJ/nXFdJepOVrY1GCHQ==",
      "requires": {
        "loose-envify": "^1.4.0",
        "object-assign": "^4.1.1",
        "react-is": "^16.8.1"
      }
    },
    "prop-types-extra": {
      "version": "1.1.1",
      "resolved": "https://registry.npmjs.org/prop-types-extra/-/prop-types-extra-1.1.1.tgz",
      "integrity": "sha512-59+AHNnHYCdiC+vMwY52WmvP5dM3QLeoumYuEyceQDi9aEhtwN9zIQ2ZNo25sMyXnbh32h+P1ezDsUpUH3JAew==",
      "requires": {
        "react-is": "^16.3.2",
        "warning": "^4.0.0"
      }
    },
    "react-clientside-effect": {
      "version": "1.2.3",
      "resolved": "https://registry.npmjs.org/react-clientside-effect/-/react-clientside-effect-1.2.3.tgz",
      "integrity": "sha512-96HOmjJjjemxZD4qMdaMWFl3d/3Dqm/MAXnThoP8+jQihevYs8VzooqYWlVEPmkp9tVIa06i67R7FF1qsuzUwQ==",
      "requires": {
        "@babel/runtime": "^7.0.0"
      }
    },
    "react-dropzone": {
      "version": "9.0.0",
      "resolved": "https://registry.npmjs.org/react-dropzone/-/react-dropzone-9.0.0.tgz",
      "integrity": "sha512-wZ2o9B2qkdE3RumWhfyZT9swgJYJPeU5qHEcMU8weYpmLex1eeWX0CC32/Y0VutB+BBi2D+iePV/YZIiB4kZGw==",
      "requires": {
        "attr-accept": "^1.1.3",
        "file-selector": "^0.1.8",
        "prop-types": "^15.6.2",
        "prop-types-extra": "^1.1.0"
      }
    },
    "react-focus-lock": {
      "version": "2.5.0",
      "resolved": "https://registry.npmjs.org/react-focus-lock/-/react-focus-lock-2.5.0.tgz",
      "integrity": "sha512-XLxj6uTXgz0US8TmqNU2jMfnXwZG0mH2r/afQqvPEaX6nyEll5LHVcEXk2XDUQ34RVeLPkO/xK5x6c/qiuSq/A==",
      "requires": {
        "@babel/runtime": "^7.0.0",
        "focus-lock": "^0.8.1",
        "prop-types": "^15.6.2",
        "react-clientside-effect": "^1.2.2",
        "use-callback-ref": "^1.2.1",
        "use-sidecar": "^1.0.1"
      }
    },
    "react-input-mask": {
      "version": "2.0.4",
      "resolved": "https://registry.npmjs.org/react-input-mask/-/react-input-mask-2.0.4.tgz",
      "integrity": "sha512-1hwzMr/aO9tXfiroiVCx5EtKohKwLk/NT8QlJXHQ4N+yJJFyUuMT+zfTpLBwX/lK3PkuMlievIffncpMZ3HGRQ==",
      "requires": {
        "invariant": "^2.2.4",
        "warning": "^4.0.2"
      }
    },
    "react-is": {
      "version": "16.13.1",
      "resolved": "https://registry.npmjs.org/react-is/-/react-is-16.13.1.tgz",
      "integrity": "sha512-24e6ynE2H+OKt4kqsOvNd8kBpV65zoxbA4BVsEOB3ARVWQki/DHzaUoC5KuON/BiccDaCCTZBuOcfZs70kR8bQ=="
    },
    "react-lifecycles-compat": {
      "version": "3.0.4",
      "resolved": "https://registry.npmjs.org/react-lifecycles-compat/-/react-lifecycles-compat-3.0.4.tgz",
      "integrity": "sha512-fBASbA6LnOU9dOU2eW7aQ8xmYBSXUIWr+UmF9b1efZBazGNO+rcXT/icdKnYm2pTwcRylVUYwW7H1PHfLekVzA=="
    },
    "react-movable": {
      "version": "2.5.3",
      "resolved": "https://registry.npmjs.org/react-movable/-/react-movable-2.5.3.tgz",
      "integrity": "sha512-CazVL7eN4QTAEPwBlcp9101SAytzakpePa3b/lLpsTZyJn3z1uRbqiWA/NTQDjPvPj8h9ws8j8uUr8TBJTiJiw=="
    },
    "react-multi-ref": {
      "version": "1.0.0",
      "resolved": "https://registry.npmjs.org/react-multi-ref/-/react-multi-ref-1.0.0.tgz",
      "integrity": "sha512-LJuQXEabnv8JLcvcWeJcTogxG4eXVFiPfQ9CECuwWUbfJdrVpPf13m9RxmImyJS0J99BWokGn7dlR1dR06XPDw==",
      "requires": {
        "@babel/runtime": "^7.1.2"
      }
    },
    "react-range": {
      "version": "1.8.6",
      "resolved": "https://registry.npmjs.org/react-range/-/react-range-1.8.6.tgz",
      "integrity": "sha512-oEWZD//akyrfCpqXUnm4PJvochNqBvFtirlo+Mn40ItBuqLt+xvz+78V2faWl2zW5QzMQgdizxZ4HS5x5Ot0bw=="
    },
    "react-uid": {
      "version": "2.3.1",
      "resolved": "https://registry.npmjs.org/react-uid/-/react-uid-2.3.1.tgz",
      "integrity": "sha512-6C5pwNYP1udgp5feQ9MTBZBKD4su9nhD2aYCFY1bB0Bpask8wYKYz0ZhAtAJ4lcmTDC5kY1ByGTQMFDHQW6p0w==",
      "requires": {
        "tslib": "^1.10.0"
      },
      "dependencies": {
        "tslib": {
          "version": "1.14.1",
          "resolved": "https://registry.npmjs.org/tslib/-/tslib-1.14.1.tgz",
          "integrity": "sha512-Xni35NKzjgMrwevysHTCArtLDpPvye8zV/0E4EyYn43P7/7qvQwPh9BGkHewbMulVntbigmcT7rdX3BNo9wRJg=="
        }
      }
    },
    "react-virtualized": {
      "version": "9.22.3",
      "resolved": "https://registry.npmjs.org/react-virtualized/-/react-virtualized-9.22.3.tgz",
      "integrity": "sha512-MKovKMxWTcwPSxE1kK1HcheQTWfuCxAuBoSTf2gwyMM21NdX/PXUhnoP8Uc5dRKd+nKm8v41R36OellhdCpkrw==",
      "requires": {
        "@babel/runtime": "^7.7.2",
        "clsx": "^1.0.4",
        "dom-helpers": "^5.1.3",
        "loose-envify": "^1.4.0",
        "prop-types": "^15.7.2",
        "react-lifecycles-compat": "^3.0.4"
      }
    },
    "react-virtualized-auto-sizer": {
      "version": "1.0.4",
      "resolved": "https://registry.npmjs.org/react-virtualized-auto-sizer/-/react-virtualized-auto-sizer-1.0.4.tgz",
      "integrity": "sha512-fdrY0ZX4Ywv0IIYPY/grQXcVQ44OLOsftl2u81coKe2Ga1wT3ps4JXaeu1JdlfjQxDI5BVsWjZQbpzmjmtI7Qw=="
    },
    "react-window": {
      "version": "1.8.6",
      "resolved": "https://registry.npmjs.org/react-window/-/react-window-1.8.6.tgz",
      "integrity": "sha512-8VwEEYyjz6DCnGBsd+MgkD0KJ2/OXFULyDtorIiTz+QzwoP94tBoA7CnbtyXMm+cCeAUER5KJcPtWl9cpKbOBg==",
      "requires": {
        "@babel/runtime": "^7.0.0",
        "memoize-one": ">=3.1.1 <6"
      }
    },
    "regenerator-runtime": {
      "version": "0.13.7",
      "resolved": "https://registry.npmjs.org/regenerator-runtime/-/regenerator-runtime-0.13.7.tgz",
      "integrity": "sha512-a54FxoJDIr27pgf7IgeQGxmqUNYrcV338lf/6gH456HZ/PhX+5BcwHXG9ajESmwe6WRO0tAzRUrRmNONWgkrew=="
    },
    "resize-observer-polyfill": {
      "version": "1.5.1",
      "resolved": "https://registry.npmjs.org/resize-observer-polyfill/-/resize-observer-polyfill-1.5.1.tgz",
      "integrity": "sha512-LwZrotdHOo12nQuZlHEmtuXdqGoOD0OhaxopaNFxWzInpEgaLWoVuAMbTzixuosCx2nEG58ngzW3vxdWoxIgdg=="
    },
    "styletron-engine-atomic": {
      "version": "1.4.6",
      "resolved": "https://registry.npmjs.org/styletron-engine-atomic/-/styletron-engine-atomic-1.4.6.tgz",
      "integrity": "sha512-1dPXjIjdd3nrQdh1PYvQ3MOd0syzAkFVJzaH31rwy0lhSSsKzfCqn1WLtaLqvL5z89J9wwAsu9CaNZis06K+4g==",
      "requires": {
        "inline-style-prefixer": "^5.1.0",
        "styletron-standard": "^3.0.4"
      }
    },
    "styletron-react": {
      "version": "5.2.7",
      "resolved": "https://registry.npmjs.org/styletron-react/-/styletron-react-5.2.7.tgz",
      "integrity": "sha512-PUUf7MAv9aaO8oT0B4ryPreeLi3BT1kQ7WIDNhkkpLkvCzk+pOvmtaZJJZRIxWPimj8756rLZqpF7/2ssF9KhQ==",
      "requires": {
        "prop-types": "^15.6.0",
        "styletron-standard": "^3.0.4"
      }
    },
    "styletron-standard": {
      "version": "3.0.4",
      "resolved": "https://registry.npmjs.org/styletron-standard/-/styletron-standard-3.0.4.tgz",
      "integrity": "sha512-AozOYUEtB5m0s+6ieLCObqYsBitLJmag3IoD/yg0Y9X32AYKwtGO4emx9cljD25k2S/R1XmLPgThOU+orjXTKg==",
      "requires": {
        "@rtsao/csstype": "2.6.5-forked.0",
        "inline-style-prefixer": "^5.1.0"
      }
    },
    "timezone-support": {
      "version": "2.0.2",
      "resolved": "https://registry.npmjs.org/timezone-support/-/timezone-support-2.0.2.tgz",
      "integrity": "sha512-J/1PyHCX76vOPuJzCyHMQMH2wTjXCJ30R5EXaS/QTi+xYsL0thS0pubDrHCWnfG4zU1jpPJtctnBBRCOpcJZeQ==",
      "requires": {
        "commander": "2.20.0"
      }
    },
    "tslib": {
      "version": "2.1.0",
      "resolved": "https://registry.npmjs.org/tslib/-/tslib-2.1.0.tgz",
      "integrity": "sha512-hcVC3wYEziELGGmEEXue7D75zbwIIVUMWAVbHItGPx0ziyXxrOMQx4rQEVEV45Ut/1IotuEvwqPopzIOkDMf0A=="
    },
    "use-callback-ref": {
      "version": "1.2.5",
      "resolved": "https://registry.npmjs.org/use-callback-ref/-/use-callback-ref-1.2.5.tgz",
      "integrity": "sha512-gN3vgMISAgacF7sqsLPByqoePooY3n2emTH59Ur5d/M8eg4WTWu1xp8i8DHjohftIyEx0S08RiYxbffr4j8Peg=="
    },
    "use-sidecar": {
      "version": "1.0.4",
      "resolved": "https://registry.npmjs.org/use-sidecar/-/use-sidecar-1.0.4.tgz",
      "integrity": "sha512-A5ggIS3/qTdxCAlcy05anO2/oqXOfpmxnpRE1Jm+fHHtCvUvNSZDGqgOSAXPriBVAcw2fMFFkh5v5KqrFFhCMA==",
      "requires": {
        "detect-node-es": "^1.0.0",
        "tslib": "^1.9.3"
      },
      "dependencies": {
        "tslib": {
          "version": "1.14.1",
          "resolved": "https://registry.npmjs.org/tslib/-/tslib-1.14.1.tgz",
          "integrity": "sha512-Xni35NKzjgMrwevysHTCArtLDpPvye8zV/0E4EyYn43P7/7qvQwPh9BGkHewbMulVntbigmcT7rdX3BNo9wRJg=="
        }
      }
    },
    "warning": {
      "version": "4.0.3",
      "resolved": "https://registry.npmjs.org/warning/-/warning-4.0.3.tgz",
      "integrity": "sha512-rpJyN222KWIvHJ/F53XSZv0Zl/accqHR8et1kpaMTD/fLCRxtV8iX8czMzY7sVZupTI3zcUTg8eycS2kNF9l6w==",
      "requires": {
        "loose-envify": "^1.0.0"
      }
    },
    "wrappy": {
      "version": "1.0.2",
      "resolved": "https://registry.npmjs.org/wrappy/-/wrappy-1.0.2.tgz",
      "integrity": "sha1-tSQ9jz7BqjXxNkYFvA0QNuMKtp8="
    }
  }
}
